// !$*UTF8*$!
{
	archiveVersion = 1;
	classes = {
	};
	objectVersion = 56;
	objects = {

/* Begin PBXBuildFile section */
		E60C9A6C296B097500CCBDFB /* astuteApp.swift in Sources */ = {isa = PBXBuildFile; fileRef = E60C9A6B296B097500CCBDFB /* astuteApp.swift */; };
		E60C9A6E296B097500CCBDFB /* ContentView.swift in Sources */ = {isa = PBXBuildFile; fileRef = E60C9A6D296B097500CCBDFB /* ContentView.swift */; };
		E60C9A70296B097600CCBDFB /* Assets.xcassets in Resources */ = {isa = PBXBuildFile; fileRef = E60C9A6F296B097600CCBDFB /* Assets.xcassets */; };
		E60C9A73296B097600CCBDFB /* Preview Assets.xcassets in Resources */ = {isa = PBXBuildFile; fileRef = E60C9A72296B097600CCBDFB /* Preview Assets.xcassets */; };
		E60C9A7D296B097600CCBDFB /* astuteTests.swift in Sources */ = {isa = PBXBuildFile; fileRef = E60C9A7C296B097600CCBDFB /* astuteTests.swift */; };
		E60C9A87296B097600CCBDFB /* astuteUITests.swift in Sources */ = {isa = PBXBuildFile; fileRef = E60C9A86296B097600CCBDFB /* astuteUITests.swift */; };
		E60C9A89296B097600CCBDFB /* astuteUITestsLaunchTests.swift in Sources */ = {isa = PBXBuildFile; fileRef = E60C9A88296B097600CCBDFB /* astuteUITestsLaunchTests.swift */; };
		E60C9A96296B5B9800CCBDFB /* DataScanner.swift in Sources */ = {isa = PBXBuildFile; fileRef = E60C9A95296B5B9800CCBDFB /* DataScanner.swift */; };
		E60C9A9D296C312D00CCBDFB /* Localizable.strings in Resources */ = {isa = PBXBuildFile; fileRef = E60C9A9F296C312D00CCBDFB /* Localizable.strings */; };
		E61ADD702971F04C0006503A /* RulerColor.swift in Sources */ = {isa = PBXBuildFile; fileRef = E61ADD6F2971F04C0006503A /* RulerColor.swift */; };
		E61ADDA82971F9F20006503A /* OnbordingAppear.swift in Sources */ = {isa = PBXBuildFile; fileRef = E61ADDA72971F9F20006503A /* OnbordingAppear.swift */; };
		E62C24F12972A30F0087366C /* ShareSheet.swift in Sources */ = {isa = PBXBuildFile; fileRef = E62C24F02972A30F0087366C /* ShareSheet.swift */; };
		E6646D37296F40EE00671EC0 /* SplashScreenView.swift in Sources */ = {isa = PBXBuildFile; fileRef = E6646D36296F40EE00671EC0 /* SplashScreenView.swift */; };
		E6646D3D2970286700671EC0 /* Onbording.swift in Sources */ = {isa = PBXBuildFile; fileRef = E6646D3C2970286700671EC0 /* Onbording.swift */; };
		E6646D772971DC1800671EC0 /* ColorButton.swift in Sources */ = {isa = PBXBuildFile; fileRef = E6646D762971DC1800671EC0 /* ColorButton.swift */; };
		E676A3F4296C9F7400A19360 /* HalfASheet in Frameworks */ = {isa = PBXBuildFile; productRef = E676A3F3296C9F7400A19360 /* HalfASheet */; };
/* End PBXBuildFile section */

/* Begin PBXContainerItemProxy section */
		E60C9A79296B097600CCBDFB /* PBXContainerItemProxy */ = {
			isa = PBXContainerItemProxy;
			containerPortal = E60C9A60296B097400CCBDFB /* Project object */;
			proxyType = 1;
			remoteGlobalIDString = E60C9A67296B097400CCBDFB;
			remoteInfo = astute;
		};
		E60C9A83296B097600CCBDFB /* PBXContainerItemProxy */ = {
			isa = PBXContainerItemProxy;
			containerPortal = E60C9A60296B097400CCBDFB /* Project object */;
			proxyType = 1;
			remoteGlobalIDString = E60C9A67296B097400CCBDFB;
			remoteInfo = astute;
		};
/* End PBXContainerItemProxy section */

/* Begin PBXFileReference section */
		E60C9A68296B097500CCBDFB /* astute.app */ = {isa = PBXFileReference; explicitFileType = wrapper.application; includeInIndex = 0; path = astute.app; sourceTree = BUILT_PRODUCTS_DIR; };
		E60C9A6B296B097500CCBDFB /* astuteApp.swift */ = {isa = PBXFileReference; lastKnownFileType = sourcecode.swift; path = astuteApp.swift; sourceTree = "<group>"; };
		E60C9A6D296B097500CCBDFB /* ContentView.swift */ = {isa = PBXFileReference; lastKnownFileType = sourcecode.swift; path = ContentView.swift; sourceTree = "<group>"; };
		E60C9A6F296B097600CCBDFB /* Assets.xcassets */ = {isa = PBXFileReference; lastKnownFileType = folder.assetcatalog; path = Assets.xcassets; sourceTree = "<group>"; };
		E60C9A72296B097600CCBDFB /* Preview Assets.xcassets */ = {isa = PBXFileReference; lastKnownFileType = folder.assetcatalog; path = "Preview Assets.xcassets"; sourceTree = "<group>"; };
		E60C9A78296B097600CCBDFB /* astuteTests.xctest */ = {isa = PBXFileReference; explicitFileType = wrapper.cfbundle; includeInIndex = 0; path = astuteTests.xctest; sourceTree = BUILT_PRODUCTS_DIR; };
		E60C9A7C296B097600CCBDFB /* astuteTests.swift */ = {isa = PBXFileReference; lastKnownFileType = sourcecode.swift; path = astuteTests.swift; sourceTree = "<group>"; };
		E60C9A82296B097600CCBDFB /* astuteUITests.xctest */ = {isa = PBXFileReference; explicitFileType = wrapper.cfbundle; includeInIndex = 0; path = astuteUITests.xctest; sourceTree = BUILT_PRODUCTS_DIR; };
		E60C9A86296B097600CCBDFB /* astuteUITests.swift */ = {isa = PBXFileReference; lastKnownFileType = sourcecode.swift; path = astuteUITests.swift; sourceTree = "<group>"; };
		E60C9A88296B097600CCBDFB /* astuteUITestsLaunchTests.swift */ = {isa = PBXFileReference; lastKnownFileType = sourcecode.swift; path = astuteUITestsLaunchTests.swift; sourceTree = "<group>"; };
		E60C9A95296B5B9800CCBDFB /* DataScanner.swift */ = {isa = PBXFileReference; lastKnownFileType = sourcecode.swift; path = DataScanner.swift; sourceTree = "<group>"; };
		E60C9A9E296C312D00CCBDFB /* en */ = {isa = PBXFileReference; lastKnownFileType = text.plist.strings; name = en; path = en.lproj/Localizable.strings; sourceTree = "<group>"; };
		E60C9AA0296C312E00CCBDFB /* ar */ = {isa = PBXFileReference; lastKnownFileType = text.plist.strings; name = ar; path = ar.lproj/Localizable.strings; sourceTree = "<group>"; };
		E61ADD6F2971F04C0006503A /* RulerColor.swift */ = {isa = PBXFileReference; lastKnownFileType = sourcecode.swift; path = RulerColor.swift; sourceTree = "<group>"; };
		E61ADDA72971F9F20006503A /* OnbordingAppear.swift */ = {isa = PBXFileReference; lastKnownFileType = sourcecode.swift; path = OnbordingAppear.swift; sourceTree = "<group>"; };
		E62C24F02972A30F0087366C /* ShareSheet.swift */ = {isa = PBXFileReference; lastKnownFileType = sourcecode.swift; path = ShareSheet.swift; sourceTree = "<group>"; };
		E6646D36296F40EE00671EC0 /* SplashScreenView.swift */ = {isa = PBXFileReference; lastKnownFileType = sourcecode.swift; path = SplashScreenView.swift; sourceTree = "<group>"; };
		E6646D3C2970286700671EC0 /* Onbording.swift */ = {isa = PBXFileReference; lastKnownFileType = sourcecode.swift; path = Onbording.swift; sourceTree = "<group>"; };
		E6646D762971DC1800671EC0 /* ColorButton.swift */ = {isa = PBXFileReference; lastKnownFileType = sourcecode.swift; path = ColorButton.swift; sourceTree = "<group>"; };
/* End PBXFileReference section */

/* Begin PBXFrameworksBuildPhase section */
		E60C9A65296B097400CCBDFB /* Frameworks */ = {
			isa = PBXFrameworksBuildPhase;
			buildActionMask = 2147483647;
			files = (
				E676A3F4296C9F7400A19360 /* HalfASheet in Frameworks */,
			);
			runOnlyForDeploymentPostprocessing = 0;
		};
		E60C9A75296B097600CCBDFB /* Frameworks */ = {
			isa = PBXFrameworksBuildPhase;
			buildActionMask = 2147483647;
			files = (
			);
			runOnlyForDeploymentPostprocessing = 0;
		};
		E60C9A7F296B097600CCBDFB /* Frameworks */ = {
			isa = PBXFrameworksBuildPhase;
			buildActionMask = 2147483647;
			files = (
			);
			runOnlyForDeploymentPostprocessing = 0;
		};
/* End PBXFrameworksBuildPhase section */

/* Begin PBXGroup section */
		E60C9A5F296B097400CCBDFB = {
			isa = PBXGroup;
			children = (
				E60C9A9F296C312D00CCBDFB /* Localizable.strings */,
				E60C9A6A296B097500CCBDFB /* astute */,
				E60C9A7B296B097600CCBDFB /* astuteTests */,
				E60C9A85296B097600CCBDFB /* astuteUITests */,
				E60C9A69296B097500CCBDFB /* Products */,
			);
			sourceTree = "<group>";
		};
		E60C9A69296B097500CCBDFB /* Products */ = {
			isa = PBXGroup;
			children = (
				E60C9A68296B097500CCBDFB /* astute.app */,
				E60C9A78296B097600CCBDFB /* astuteTests.xctest */,
				E60C9A82296B097600CCBDFB /* astuteUITests.xctest */,
			);
			name = Products;
			sourceTree = "<group>";
		};
		E60C9A6A296B097500CCBDFB /* astute */ = {
			isa = PBXGroup;
			children = (
				E60C9A6B296B097500CCBDFB /* astuteApp.swift */,
				E6646D36296F40EE00671EC0 /* SplashScreenView.swift */,
				E61ADDA72971F9F20006503A /* OnbordingAppear.swift */,
				E6646D3C2970286700671EC0 /* Onbording.swift */,
				E60C9A6D296B097500CCBDFB /* ContentView.swift */,
				E60C9A95296B5B9800CCBDFB /* DataScanner.swift */,
				E62C24EF2972A2D60087366C /* ItemView */,
				E60C9A6F296B097600CCBDFB /* Assets.xcassets */,
				E60C9A71296B097600CCBDFB /* Preview Content */,
			);
			path = astute;
			sourceTree = "<group>";
		};
		E60C9A71296B097600CCBDFB /* Preview Content */ = {
			isa = PBXGroup;
			children = (
				E60C9A72296B097600CCBDFB /* Preview Assets.xcassets */,
			);
			path = "Preview Content";
			sourceTree = "<group>";
		};
		E60C9A7B296B097600CCBDFB /* astuteTests */ = {
			isa = PBXGroup;
			children = (
				E60C9A7C296B097600CCBDFB /* astuteTests.swift */,
			);
			path = astuteTests;
			sourceTree = "<group>";
		};
		E60C9A85296B097600CCBDFB /* astuteUITests */ = {
			isa = PBXGroup;
			children = (
				E60C9A86296B097600CCBDFB /* astuteUITests.swift */,
				E60C9A88296B097600CCBDFB /* astuteUITestsLaunchTests.swift */,
			);
			path = astuteUITests;
			sourceTree = "<group>";
		};
		E62C24EF2972A2D60087366C /* ItemView */ = {
			isa = PBXGroup;
			children = (
				E61ADD6F2971F04C0006503A /* RulerColor.swift */,
				E6646D762971DC1800671EC0 /* ColorButton.swift */,
				E62C24F02972A30F0087366C /* ShareSheet.swift */,
			);
			path = ItemView;
			sourceTree = "<group>";
		};
/* End PBXGroup section */

/* Begin PBXNativeTarget section */
		E60C9A67296B097400CCBDFB /* astute */ = {
			isa = PBXNativeTarget;
			buildConfigurationList = E60C9A8C296B097600CCBDFB /* Build configuration list for PBXNativeTarget "astute" */;
			buildPhases = (
				E60C9A64296B097400CCBDFB /* Sources */,
				E60C9A65296B097400CCBDFB /* Frameworks */,
				E60C9A66296B097400CCBDFB /* Resources */,
			);
			buildRules = (
			);
			dependencies = (
			);
			name = astute;
			packageProductDependencies = (
				E676A3F3296C9F7400A19360 /* HalfASheet */,
			);
			productName = astute;
			productReference = E60C9A68296B097500CCBDFB /* astute.app */;
			productType = "com.apple.product-type.application";
		};
		E60C9A77296B097600CCBDFB /* astuteTests */ = {
			isa = PBXNativeTarget;
			buildConfigurationList = E60C9A8F296B097600CCBDFB /* Build configuration list for PBXNativeTarget "astuteTests" */;
			buildPhases = (
				E60C9A74296B097600CCBDFB /* Sources */,
				E60C9A75296B097600CCBDFB /* Frameworks */,
				E60C9A76296B097600CCBDFB /* Resources */,
			);
			buildRules = (
			);
			dependencies = (
				E60C9A7A296B097600CCBDFB /* PBXTargetDependency */,
			);
			name = astuteTests;
			productName = astuteTests;
			productReference = E60C9A78296B097600CCBDFB /* astuteTests.xctest */;
			productType = "com.apple.product-type.bundle.unit-test";
		};
		E60C9A81296B097600CCBDFB /* astuteUITests */ = {
			isa = PBXNativeTarget;
			buildConfigurationList = E60C9A92296B097600CCBDFB /* Build configuration list for PBXNativeTarget "astuteUITests" */;
			buildPhases = (
				E60C9A7E296B097600CCBDFB /* Sources */,
				E60C9A7F296B097600CCBDFB /* Frameworks */,
				E60C9A80296B097600CCBDFB /* Resources */,
			);
			buildRules = (
			);
			dependencies = (
				E60C9A84296B097600CCBDFB /* PBXTargetDependency */,
			);
			name = astuteUITests;
			productName = astuteUITests;
			productReference = E60C9A82296B097600CCBDFB /* astuteUITests.xctest */;
			productType = "com.apple.product-type.bundle.ui-testing";
		};
/* End PBXNativeTarget section */

/* Begin PBXProject section */
		E60C9A60296B097400CCBDFB /* Project object */ = {
			isa = PBXProject;
			attributes = {
				BuildIndependentTargetsInParallel = 1;
				LastSwiftUpdateCheck = 1420;
				LastUpgradeCheck = 1420;
				TargetAttributes = {
					E60C9A67296B097400CCBDFB = {
						CreatedOnToolsVersion = 14.2;
					};
					E60C9A77296B097600CCBDFB = {
						CreatedOnToolsVersion = 14.2;
						TestTargetID = E60C9A67296B097400CCBDFB;
					};
					E60C9A81296B097600CCBDFB = {
						CreatedOnToolsVersion = 14.2;
						TestTargetID = E60C9A67296B097400CCBDFB;
					};
				};
			};
			buildConfigurationList = E60C9A63296B097400CCBDFB /* Build configuration list for PBXProject "astute" */;
			compatibilityVersion = "Xcode 14.0";
			developmentRegion = en;
			hasScannedForEncodings = 0;
			knownRegions = (
				en,
				Base,
				ar,
			);
			mainGroup = E60C9A5F296B097400CCBDFB;
			packageReferences = (
				E676A3F2296C9F7400A19360 /* XCRemoteSwiftPackageReference "HalfASheet" */,
			);
			productRefGroup = E60C9A69296B097500CCBDFB /* Products */;
			projectDirPath = "";
			projectRoot = "";
			targets = (
				E60C9A67296B097400CCBDFB /* astute */,
				E60C9A77296B097600CCBDFB /* astuteTests */,
				E60C9A81296B097600CCBDFB /* astuteUITests */,
			);
		};
/* End PBXProject section */

/* Begin PBXResourcesBuildPhase section */
		E60C9A66296B097400CCBDFB /* Resources */ = {
			isa = PBXResourcesBuildPhase;
			buildActionMask = 2147483647;
			files = (
				E60C9A73296B097600CCBDFB /* Preview Assets.xcassets in Resources */,
				E60C9A9D296C312D00CCBDFB /* Localizable.strings in Resources */,
				E60C9A70296B097600CCBDFB /* Assets.xcassets in Resources */,
			);
			runOnlyForDeploymentPostprocessing = 0;
		};
		E60C9A76296B097600CCBDFB /* Resources */ = {
			isa = PBXResourcesBuildPhase;
			buildActionMask = 2147483647;
			files = (
			);
			runOnlyForDeploymentPostprocessing = 0;
		};
		E60C9A80296B097600CCBDFB /* Resources */ = {
			isa = PBXResourcesBuildPhase;
			buildActionMask = 2147483647;
			files = (
			);
			runOnlyForDeploymentPostprocessing = 0;
		};
/* End PBXResourcesBuildPhase section */

/* Begin PBXSourcesBuildPhase section */
		E60C9A64296B097400CCBDFB /* Sources */ = {
			isa = PBXSourcesBuildPhase;
			buildActionMask = 2147483647;
			files = (
				E62C24F12972A30F0087366C /* ShareSheet.swift in Sources */,
				E60C9A96296B5B9800CCBDFB /* DataScanner.swift in Sources */,
				E6646D37296F40EE00671EC0 /* SplashScreenView.swift in Sources */,
				E60C9A6E296B097500CCBDFB /* ContentView.swift in Sources */,
				E61ADDA82971F9F20006503A /* OnbordingAppear.swift in Sources */,
				E61ADD702971F04C0006503A /* RulerColor.swift in Sources */,
				E6646D772971DC1800671EC0 /* ColorButton.swift in Sources */,
				E60C9A6C296B097500CCBDFB /* astuteApp.swift in Sources */,
				E6646D3D2970286700671EC0 /* Onbording.swift in Sources */,
			);
			runOnlyForDeploymentPostprocessing = 0;
		};
		E60C9A74296B097600CCBDFB /* Sources */ = {
			isa = PBXSourcesBuildPhase;
			buildActionMask = 2147483647;
			files = (
				E60C9A7D296B097600CCBDFB /* astuteTests.swift in Sources */,
			);
			runOnlyForDeploymentPostprocessing = 0;
		};
		E60C9A7E296B097600CCBDFB /* Sources */ = {
			isa = PBXSourcesBuildPhase;
			buildActionMask = 2147483647;
			files = (
				E60C9A89296B097600CCBDFB /* astuteUITestsLaunchTests.swift in Sources */,
				E60C9A87296B097600CCBDFB /* astuteUITests.swift in Sources */,
			);
			runOnlyForDeploymentPostprocessing = 0;
		};
/* End PBXSourcesBuildPhase section */

/* Begin PBXTargetDependency section */
		E60C9A7A296B097600CCBDFB /* PBXTargetDependency */ = {
			isa = PBXTargetDependency;
			target = E60C9A67296B097400CCBDFB /* astute */;
			targetProxy = E60C9A79296B097600CCBDFB /* PBXContainerItemProxy */;
		};
		E60C9A84296B097600CCBDFB /* PBXTargetDependency */ = {
			isa = PBXTargetDependency;
			target = E60C9A67296B097400CCBDFB /* astute */;
			targetProxy = E60C9A83296B097600CCBDFB /* PBXContainerItemProxy */;
		};
/* End PBXTargetDependency section */

/* Begin PBXVariantGroup section */
		E60C9A9F296C312D00CCBDFB /* Localizable.strings */ = {
			isa = PBXVariantGroup;
			children = (
				E60C9A9E296C312D00CCBDFB /* en */,
				E60C9AA0296C312E00CCBDFB /* ar */,
			);
			name = Localizable.strings;
			sourceTree = "<group>";
		};
/* End PBXVariantGroup section */

/* Begin XCBuildConfiguration section */
		E60C9A8A296B097600CCBDFB /* Debug */ = {
			isa = XCBuildConfiguration;
			buildSettings = {
				ALWAYS_SEARCH_USER_PATHS = NO;
				CLANG_ANALYZER_NONNULL = YES;
				CLANG_ANALYZER_NUMBER_OBJECT_CONVERSION = YES_AGGRESSIVE;
				CLANG_CXX_LANGUAGE_STANDARD = "gnu++20";
				CLANG_ENABLE_MODULES = YES;
				CLANG_ENABLE_OBJC_ARC = YES;
				CLANG_ENABLE_OBJC_WEAK = YES;
				CLANG_WARN_BLOCK_CAPTURE_AUTORELEASING = YES;
				CLANG_WARN_BOOL_CONVERSION = YES;
				CLANG_WARN_COMMA = YES;
				CLANG_WARN_CONSTANT_CONVERSION = YES;
				CLANG_WARN_DEPRECATED_OBJC_IMPLEMENTATIONS = YES;
				CLANG_WARN_DIRECT_OBJC_ISA_USAGE = YES_ERROR;
				CLANG_WARN_DOCUMENTATION_COMMENTS = YES;
				CLANG_WARN_EMPTY_BODY = YES;
				CLANG_WARN_ENUM_CONVERSION = YES;
				CLANG_WARN_INFINITE_RECURSION = YES;
				CLANG_WARN_INT_CONVERSION = YES;
				CLANG_WARN_NON_LITERAL_NULL_CONVERSION = YES;
				CLANG_WARN_OBJC_IMPLICIT_RETAIN_SELF = YES;
				CLANG_WARN_OBJC_LITERAL_CONVERSION = YES;
				CLANG_WARN_OBJC_ROOT_CLASS = YES_ERROR;
				CLANG_WARN_QUOTED_INCLUDE_IN_FRAMEWORK_HEADER = YES;
				CLANG_WARN_RANGE_LOOP_ANALYSIS = YES;
				CLANG_WARN_STRICT_PROTOTYPES = YES;
				CLANG_WARN_SUSPICIOUS_MOVE = YES;
				CLANG_WARN_UNGUARDED_AVAILABILITY = YES_AGGRESSIVE;
				CLANG_WARN_UNREACHABLE_CODE = YES;
				CLANG_WARN__DUPLICATE_METHOD_MATCH = YES;
				COPY_PHASE_STRIP = NO;
				DEBUG_INFORMATION_FORMAT = dwarf;
				ENABLE_STRICT_OBJC_MSGSEND = YES;
				ENABLE_TESTABILITY = YES;
				GCC_C_LANGUAGE_STANDARD = gnu11;
				GCC_DYNAMIC_NO_PIC = NO;
				GCC_NO_COMMON_BLOCKS = YES;
				GCC_OPTIMIZATION_LEVEL = 0;
				GCC_PREPROCESSOR_DEFINITIONS = (
					"DEBUG=1",
					"$(inherited)",
				);
				GCC_WARN_64_TO_32_BIT_CONVERSION = YES;
				GCC_WARN_ABOUT_RETURN_TYPE = YES_ERROR;
				GCC_WARN_UNDECLARED_SELECTOR = YES;
				GCC_WARN_UNINITIALIZED_AUTOS = YES_AGGRESSIVE;
				GCC_WARN_UNUSED_FUNCTION = YES;
				GCC_WARN_UNUSED_VARIABLE = YES;
				IPHONEOS_DEPLOYMENT_TARGET = 16.0;
				MTL_ENABLE_DEBUG_INFO = INCLUDE_SOURCE;
				MTL_FAST_MATH = YES;
				ONLY_ACTIVE_ARCH = YES;
				SDKROOT = iphoneos;
				SWIFT_ACTIVE_COMPILATION_CONDITIONS = DEBUG;
				SWIFT_OPTIMIZATION_LEVEL = "-Onone";
			};
			name = Debug;
		};
		E60C9A8B296B097600CCBDFB /* Release */ = {
			isa = XCBuildConfiguration;
			buildSettings = {
				ALWAYS_SEARCH_USER_PATHS = NO;
				CLANG_ANALYZER_NONNULL = YES;
				CLANG_ANALYZER_NUMBER_OBJECT_CONVERSION = YES_AGGRESSIVE;
				CLANG_CXX_LANGUAGE_STANDARD = "gnu++20";
				CLANG_ENABLE_MODULES = YES;
				CLANG_ENABLE_OBJC_ARC = YES;
				CLANG_ENABLE_OBJC_WEAK = YES;
				CLANG_WARN_BLOCK_CAPTURE_AUTORELEASING = YES;
				CLANG_WARN_BOOL_CONVERSION = YES;
				CLANG_WARN_COMMA = YES;
				CLANG_WARN_CONSTANT_CONVERSION = YES;
				CLANG_WARN_DEPRECATED_OBJC_IMPLEMENTATIONS = YES;
				CLANG_WARN_DIRECT_OBJC_ISA_USAGE = YES_ERROR;
				CLANG_WARN_DOCUMENTATION_COMMENTS = YES;
				CLANG_WARN_EMPTY_BODY = YES;
				CLANG_WARN_ENUM_CONVERSION = YES;
				CLANG_WARN_INFINITE_RECURSION = YES;
				CLANG_WARN_INT_CONVERSION = YES;
				CLANG_WARN_NON_LITERAL_NULL_CONVERSION = YES;
				CLANG_WARN_OBJC_IMPLICIT_RETAIN_SELF = YES;
				CLANG_WARN_OBJC_LITERAL_CONVERSION = YES;
				CLANG_WARN_OBJC_ROOT_CLASS = YES_ERROR;
				CLANG_WARN_QUOTED_INCLUDE_IN_FRAMEWORK_HEADER = YES;
				CLANG_WARN_RANGE_LOOP_ANALYSIS = YES;
				CLANG_WARN_STRICT_PROTOTYPES = YES;
				CLANG_WARN_SUSPICIOUS_MOVE = YES;
				CLANG_WARN_UNGUARDED_AVAILABILITY = YES_AGGRESSIVE;
				CLANG_WARN_UNREACHABLE_CODE = YES;
				CLANG_WARN__DUPLICATE_METHOD_MATCH = YES;
				COPY_PHASE_STRIP = NO;
				DEBUG_INFORMATION_FORMAT = "dwarf-with-dsym";
				ENABLE_NS_ASSERTIONS = NO;
				ENABLE_STRICT_OBJC_MSGSEND = YES;
				GCC_C_LANGUAGE_STANDARD = gnu11;
				GCC_NO_COMMON_BLOCKS = YES;
				GCC_WARN_64_TO_32_BIT_CONVERSION = YES;
				GCC_WARN_ABOUT_RETURN_TYPE = YES_ERROR;
				GCC_WARN_UNDECLARED_SELECTOR = YES;
				GCC_WARN_UNINITIALIZED_AUTOS = YES_AGGRESSIVE;
				GCC_WARN_UNUSED_FUNCTION = YES;
				GCC_WARN_UNUSED_VARIABLE = YES;
				IPHONEOS_DEPLOYMENT_TARGET = 16.0;
				MTL_ENABLE_DEBUG_INFO = NO;
				MTL_FAST_MATH = YES;
				SDKROOT = iphoneos;
				SWIFT_COMPILATION_MODE = wholemodule;
				SWIFT_OPTIMIZATION_LEVEL = "-O";
				VALIDATE_PRODUCT = YES;
			};
			name = Release;
		};
		E60C9A8D296B097600CCBDFB /* Debug */ = {
			isa = XCBuildConfiguration;
			buildSettings = {
				ASSETCATALOG_COMPILER_APPICON_NAME = AppIcon;
				ASSETCATALOG_COMPILER_GLOBAL_ACCENT_COLOR_NAME = AccentColor;
				CODE_SIGN_STYLE = Automatic;
				CURRENT_PROJECT_VERSION = 1;
				DEVELOPMENT_ASSET_PATHS = "\"astute/Preview Content\"";
				DEVELOPMENT_TEAM = 7RZ5V4846A;
				ENABLE_PREVIEWS = YES;
				GENERATE_INFOPLIST_FILE = YES;
				INFOPLIST_KEY_LSApplicationCategoryType = "";
				INFOPLIST_KEY_NSCameraUsageDescription = "You need to give the camera access to scan text.";
				INFOPLIST_KEY_UIApplicationSceneManifest_Generation = YES;
				INFOPLIST_KEY_UIApplicationSupportsIndirectInputEvents = YES;
				INFOPLIST_KEY_UILaunchScreen_Generation = YES;
				INFOPLIST_KEY_UISupportedInterfaceOrientations_iPad = "UIInterfaceOrientationPortrait UIInterfaceOrientationPortraitUpsideDown UIInterfaceOrientationLandscapeLeft UIInterfaceOrientationLandscapeRight";
				INFOPLIST_KEY_UISupportedInterfaceOrientations_iPhone = "UIInterfaceOrientationPortrait UIInterfaceOrientationLandscapeLeft UIInterfaceOrientationLandscapeRight";
				LD_RUNPATH_SEARCH_PATHS = (
					"$(inherited)",
					"@executable_path/Frameworks",
				);
				MARKETING_VERSION = 1.1;
				PRODUCT_BUNDLE_IDENTIFIER = dana.astute;
				PRODUCT_NAME = "$(TARGET_NAME)";
				SWIFT_EMIT_LOC_STRINGS = YES;
				SWIFT_VERSION = 5.0;
				TARGETED_DEVICE_FAMILY = "1,2";
			};
			name = Debug;
		};
		E60C9A8E296B097600CCBDFB /* Release */ = {
			isa = XCBuildConfiguration;
			buildSettings = {
				ASSETCATALOG_COMPILER_APPICON_NAME = AppIcon;
				ASSETCATALOG_COMPILER_GLOBAL_ACCENT_COLOR_NAME = AccentColor;
				CODE_SIGN_STYLE = Automatic;
				CURRENT_PROJECT_VERSION = 1;
				DEVELOPMENT_ASSET_PATHS = "\"astute/Preview Content\"";
				DEVELOPMENT_TEAM = 7RZ5V4846A;
				ENABLE_PREVIEWS = YES;
				GENERATE_INFOPLIST_FILE = YES;
				INFOPLIST_KEY_LSApplicationCategoryType = "";
				INFOPLIST_KEY_NSCameraUsageDescription = "You need to give the camera access to scan text.";
				INFOPLIST_KEY_UIApplicationSceneManifest_Generation = YES;
				INFOPLIST_KEY_UIApplicationSupportsIndirectInputEvents = YES;
				INFOPLIST_KEY_UILaunchScreen_Generation = YES;
				INFOPLIST_KEY_UISupportedInterfaceOrientations_iPad = "UIInterfaceOrientationPortrait UIInterfaceOrientationPortraitUpsideDown UIInterfaceOrientationLandscapeLeft UIInterfaceOrientationLandscapeRight";
				INFOPLIST_KEY_UISupportedInterfaceOrientations_iPhone = "UIInterfaceOrientationPortrait UIInterfaceOrientationLandscapeLeft UIInterfaceOrientationLandscapeRight";
				LD_RUNPATH_SEARCH_PATHS = (
					"$(inherited)",
					"@executable_path/Frameworks",
				);
				MARKETING_VERSION = 1.1;
				PRODUCT_BUNDLE_IDENTIFIER = dana.astute;
				PRODUCT_NAME = "$(TARGET_NAME)";
				SWIFT_EMIT_LOC_STRINGS = YES;
				SWIFT_VERSION = 5.0;
				TARGETED_DEVICE_FAMILY = "1,2";
			};
			name = Release;
		};
		E60C9A90296B097600CCBDFB /* Debug */ = {
			isa = XCBuildConfiguration;
			buildSettings = {
				ALWAYS_EMBED_SWIFT_STANDARD_LIBRARIES = YES;
				BUNDLE_LOADER = "$(TEST_HOST)";
				CODE_SIGN_STYLE = Automatic;
				CURRENT_PROJECT_VERSION = 1;
				DEVELOPMENT_TEAM = 7RZ5V4846A;
				GENERATE_INFOPLIST_FILE = YES;
				IPHONEOS_DEPLOYMENT_TARGET = 16.2;
				MARKETING_VERSION = 1.0;
				PRODUCT_BUNDLE_IDENTIFIER = dana.astuteTests;
				PRODUCT_NAME = "$(TARGET_NAME)";
				SWIFT_EMIT_LOC_STRINGS = NO;
				SWIFT_VERSION = 5.0;
				TARGETED_DEVICE_FAMILY = "1,2";
				TEST_HOST = "$(BUILT_PRODUCTS_DIR)/astute.app/$(BUNDLE_EXECUTABLE_FOLDER_PATH)/astute";
			};
			name = Debug;
		};
		E60C9A91296B097600CCBDFB /* Release */ = {
			isa = XCBuildConfiguration;
			buildSettings = {
				ALWAYS_EMBED_SWIFT_STANDARD_LIBRARIES = YES;
				BUNDLE_LOADER = "$(TEST_HOST)";
				CODE_SIGN_STYLE = Automatic;
				CURRENT_PROJECT_VERSION = 1;
				DEVELOPMENT_TEAM = 7RZ5V4846A;
				GENERATE_INFOPLIST_FILE = YES;
				IPHONEOS_DEPLOYMENT_TARGET = 16.2;
				MARKETING_VERSION = 1.0;
				PRODUCT_BUNDLE_IDENTIFIER = dana.astuteTests;
				PRODUCT_NAME = "$(TARGET_NAME)";
				SWIFT_EMIT_LOC_STRINGS = NO;
				SWIFT_VERSION = 5.0;
				TARGETED_DEVICE_FAMILY = "1,2";
				TEST_HOST = "$(BUILT_PRODUCTS_DIR)/astute.app/$(BUNDLE_EXECUTABLE_FOLDER_PATH)/astute";
			};
			name = Release;
		};
		E60C9A93296B097600CCBDFB /* Debug */ = {
			isa = XCBuildConfiguration;
			buildSettings = {
				ALWAYS_EMBED_SWIFT_STANDARD_LIBRARIES = YES;
				CODE_SIGN_STYLE = Automatic;
				CURRENT_PROJECT_VERSION = 1;
				DEVELOPMENT_TEAM = 7RZ5V4846A;
				GENERATE_INFOPLIST_FILE = YES;
				MARKETING_VERSION = 1.0;
				PRODUCT_BUNDLE_IDENTIFIER = dana.astuteUITests;
				PRODUCT_NAME = "$(TARGET_NAME)";
				SWIFT_EMIT_LOC_STRINGS = NO;
				SWIFT_VERSION = 5.0;
				TARGETED_DEVICE_FAMILY = "1,2";
				TEST_TARGET_NAME = astute;
			};
			name = Debug;
		};
		E60C9A94296B097600CCBDFB /* Release */ = {
			isa = XCBuildConfiguration;
			buildSettings = {
				ALWAYS_EMBED_SWIFT_STANDARD_LIBRARIES = YES;
				CODE_SIGN_STYLE = Automatic;
				CURRENT_PROJECT_VERSION = 1;
				DEVELOPMENT_TEAM = 7RZ5V4846A;
				GENERATE_INFOPLIST_FILE = YES;
				MARKETING_VERSION = 1.0;
				PRODUCT_BUNDLE_IDENTIFIER = dana.astuteUITests;
				PRODUCT_NAME = "$(TARGET_NAME)";
				SWIFT_EMIT_LOC_STRINGS = NO;
				SWIFT_VERSION = 5.0;
				TARGETED_DEVICE_FAMILY = "1,2";
				TEST_TARGET_NAME = astute;
			};
			name = Release;
		};
/* End XCBuildConfiguration section */

/* Begin XCConfigurationList section */
		E60C9A63296B097400CCBDFB /* Build configuration list for PBXProject "astute" */ = {
			isa = XCConfigurationList;
			buildConfigurations = (
				E60C9A8A296B097600CCBDFB /* Debug */,
				E60C9A8B296B097600CCBDFB /* Release */,
			);
			defaultConfigurationIsVisible = 0;
			defaultConfigurationName = Release;
		};
		E60C9A8C296B097600CCBDFB /* Build configuration list for PBXNativeTarget "astute" */ = {
			isa = XCConfigurationList;
			buildConfigurations = (
				E60C9A8D296B097600CCBDFB /* Debug */,
				E60C9A8E296B097600CCBDFB /* Release */,
			);
			defaultConfigurationIsVisible = 0;
			defaultConfigurationName = Release;
		};
		E60C9A8F296B097600CCBDFB /* Build configuration list for PBXNativeTarget "astuteTests" */ = {
			isa = XCConfigurationList;
			buildConfigurations = (
				E60C9A90296B097600CCBDFB /* Debug */,
				E60C9A91296B097600CCBDFB /* Release */,
			);
			defaultConfigurationIsVisible = 0;
			defaultConfigurationName = Release;
		};
		E60C9A92296B097600CCBDFB /* Build configuration list for PBXNativeTarget "astuteUITests" */ = {
			isa = XCConfigurationList;
			buildConfigurations = (
				E60C9A93296B097600CCBDFB /* Debug */,
				E60C9A94296B097600CCBDFB /* Release */,
			);
			defaultConfigurationIsVisible = 0;
			defaultConfigurationName = Release;
		};
/* End XCConfigurationList section */

/* Begin XCRemoteSwiftPackageReference section */
		E676A3F2296C9F7400A19360 /* XCRemoteSwiftPackageReference "HalfASheet" */ = {
			isa = XCRemoteSwiftPackageReference;
			repositoryURL = "https://github.com/franklynw/HalfASheet";
			requirement = {
				branch = develop;
				kind = branch;
			};
		};
/* End XCRemoteSwiftPackageReference section */

/* Begin XCSwiftPackageProductDependency section */
		E676A3F3296C9F7400A19360 /* HalfASheet */ = {
			isa = XCSwiftPackageProductDependency;
			package = E676A3F2296C9F7400A19360 /* XCRemoteSwiftPackageReference "HalfASheet" */;
			productName = HalfASheet;
		};
/* End XCSwiftPackageProductDependency section */
	};
	rootObject = E60C9A60296B097400CCBDFB /* Project object */;
}
